
Microsoft Visual Studio Solution File, Format Version 12.00
# Visual Studio Version 17
VisualStudioVersion = 17.0.31903.59
MinimumVisualStudioVersion = 10.0.40219.1
Project("{FAE04EC0-301F-11D3-BF4B-00C04F79EFBC}") = "AccountBalance.Webhook.API", "AccountBalance.Webhook.API\AccountBalance.Webhook.API.csproj", "{63B59CDF-930E-45B0-8005-47DC544DA8CC}"
EndProject
Project("{FAE04EC0-301F-11D3-BF4B-00C04F79EFBC}") = "AccountBalance.Webhook.Application", "AccountBalance.Webhook.Application\AccountBalance.Webhook.Application.csproj", "{3CB11CB2-7D7C-428A-B84F-2C321800E5AA}"
EndProject
Project("{FAE04EC0-301F-11D3-BF4B-00C04F79EFBC}") = "AccountBalance.Webhook.Domain", "AccountBalance.Webhook.Domain\AccountBalance.Webhook.Domain.csproj", "{86211E7C-2326-4D95-AD22-26A9AA5B34C8}"
EndProject
Project("{FAE04EC0-301F-11D3-BF4B-00C04F79EFBC}") = "AccountBalance.Webhook.Infrastructure", "AccountBalance.Webhook.Infrastructure\AccountBalance.Webhook.Infrastructure.csproj", "{9E5AD682-248D-463A-B5D0-43403A89D9A5}"
EndProject
Project("{2150E333-8FDC-42A3-9474-1A3956D46DE8}") = "AccountBalance.Shared", "AccountBalance.Shared", "{B00E4E71-22B0-3599-F394-DBF7D1072939}"
EndProject
Project("{FAE04EC0-301F-11D3-BF4B-00C04F79EFBC}") = "Shared.Domain", "AccountBalance.Shared\Shared.Domain\Shared.Domain.csproj", "{8EEA50D1-99B2-4CF5-A01C-6FA19A579DA8}"
EndProject
Project("{FAE04EC0-301F-11D3-BF4B-00C04F79EFBC}") = "Shared.Infrastructure", "AccountBalance.Shared\Shared.Infrastructure\Shared.Infrastructure.csproj", "{EC862B7E-DAFB-49D5-B6CD-B8F5634F4CC2}"
EndProject
Project("{FAE04EC0-301F-11D3-BF4B-00C04F79EFBC}") = "AccountBalance.Webhook.Application.Tests", "AccountBalance.Webhook.Application.Tests\AccountBalance.Webhook.Application.Tests.csproj", "{D1D3D1A0-3BE1-4D48-9B35-041B5FC979D8}"
EndProject
Global
	GlobalSection(SolutionConfigurationPlatforms) = preSolution
		Debug|Any CPU = Debug|Any CPU
		Debug|x64 = Debug|x64
		Debug|x86 = Debug|x86
		Release|Any CPU = Release|Any CPU
		Release|x64 = Release|x64
		Release|x86 = Release|x86
	EndGlobalSection
	GlobalSection(ProjectConfigurationPlatforms) = postSolution
		{63B59CDF-930E-45B0-8005-47DC544DA8CC}.Debug|Any CPU.ActiveCfg = Debug|Any CPU
		{63B59CDF-930E-45B0-8005-47DC544DA8CC}.Debug|Any CPU.Build.0 = Debug|Any CPU
		{63B59CDF-930E-45B0-8005-47DC544DA8CC}.Debug|x64.ActiveCfg = Debug|Any CPU
		{63B59CDF-930E-45B0-8005-47DC544DA8CC}.Debug|x64.Build.0 = Debug|Any CPU
		{63B59CDF-930E-45B0-8005-47DC544DA8CC}.Debug|x86.ActiveCfg = Debug|Any CPU
		{63B59CDF-930E-45B0-8005-47DC544DA8CC}.Debug|x86.Build.0 = Debug|Any CPU
		{63B59CDF-930E-45B0-8005-47DC544DA8CC}.Release|Any CPU.ActiveCfg = Release|Any CPU
		{63B59CDF-930E-45B0-8005-47DC544DA8CC}.Release|Any CPU.Build.0 = Release|Any CPU
		{63B59CDF-930E-45B0-8005-47DC544DA8CC}.Release|x64.ActiveCfg = Release|Any CPU
		{63B59CDF-930E-45B0-8005-47DC544DA8CC}.Release|x64.Build.0 = Release|Any CPU
		{63B59CDF-930E-45B0-8005-47DC544DA8CC}.Release|x86.ActiveCfg = Release|Any CPU
		{63B59CDF-930E-45B0-8005-47DC544DA8CC}.Release|x86.Build.0 = Release|Any CPU
		{3CB11CB2-7D7C-428A-B84F-2C321800E5AA}.Debug|Any CPU.ActiveCfg = Debug|Any CPU
		{3CB11CB2-7D7C-428A-B84F-2C321800E5AA}.Debug|Any CPU.Build.0 = Debug|Any CPU
		{3CB11CB2-7D7C-428A-B84F-2C321800E5AA}.Debug|x64.ActiveCfg = Debug|Any CPU
		{3CB11CB2-7D7C-428A-B84F-2C321800E5AA}.Debug|x64.Build.0 = Debug|Any CPU
		{3CB11CB2-7D7C-428A-B84F-2C321800E5AA}.Debug|x86.ActiveCfg = Debug|Any CPU
		{3CB11CB2-7D7C-428A-B84F-2C321800E5AA}.Debug|x86.Build.0 = Debug|Any CPU
		{3CB11CB2-7D7C-428A-B84F-2C321800E5AA}.Release|Any CPU.ActiveCfg = Release|Any CPU
		{3CB11CB2-7D7C-428A-B84F-2C321800E5AA}.Release|Any CPU.Build.0 = Release|Any CPU
		{3CB11CB2-7D7C-428A-B84F-2C321800E5AA}.Release|x64.ActiveCfg = Release|Any CPU
		{3CB11CB2-7D7C-428A-B84F-2C321800E5AA}.Release|x64.Build.0 = Release|Any CPU
		{3CB11CB2-7D7C-428A-B84F-2C321800E5AA}.Release|x86.ActiveCfg = Release|Any CPU
		{3CB11CB2-7D7C-428A-B84F-2C321800E5AA}.Release|x86.Build.0 = Release|Any CPU
		{86211E7C-2326-4D95-AD22-26A9AA5B34C8}.Debug|Any CPU.ActiveCfg = Debug|Any CPU
		{86211E7C-2326-4D95-AD22-26A9AA5B34C8}.Debug|Any CPU.Build.0 = Debug|Any CPU
		{86211E7C-2326-4D95-AD22-26A9AA5B34C8}.Debug|x64.ActiveCfg = Debug|Any CPU
		{86211E7C-2326-4D95-AD22-26A9AA5B34C8}.Debug|x64.Build.0 = Debug|Any CPU
		{86211E7C-2326-4D95-AD22-26A9AA5B34C8}.Debug|x86.ActiveCfg = Debug|Any CPU
		{86211E7C-2326-4D95-AD22-26A9AA5B34C8}.Debug|x86.Build.0 = Debug|Any CPU
		{86211E7C-2326-4D95-AD22-26A9AA5B34C8}.Release|Any CPU.ActiveCfg = Release|Any CPU
		{86211E7C-2326-4D95-AD22-26A9AA5B34C8}.Release|Any CPU.Build.0 = Release|Any CPU
		{86211E7C-2326-4D95-AD22-26A9AA5B34C8}.Release|x64.ActiveCfg = Release|Any CPU
		{86211E7C-2326-4D95-AD22-26A9AA5B34C8}.Release|x64.Build.0 = Release|Any CPU
		{86211E7C-2326-4D95-AD22-26A9AA5B34C8}.Release|x86.ActiveCfg = Release|Any CPU
		{86211E7C-2326-4D95-AD22-26A9AA5B34C8}.Release|x86.Build.0 = Release|Any CPU
		{9E5AD682-248D-463A-B5D0-43403A89D9A5}.Debug|Any CPU.ActiveCfg = Debug|Any CPU
		{9E5AD682-248D-463A-B5D0-43403A89D9A5}.Debug|Any CPU.Build.0 = Debug|Any CPU
		{9E5AD682-248D-463A-B5D0-43403A89D9A5}.Debug|x64.ActiveCfg = Debug|Any CPU
		{9E5AD682-248D-463A-B5D0-43403A89D9A5}.Debug|x64.Build.0 = Debug|Any CPU
		{9E5AD682-248D-463A-B5D0-43403A89D9A5}.Debug|x86.ActiveCfg = Debug|Any CPU
		{9E5AD682-248D-463A-B5D0-43403A89D9A5}.Debug|x86.Build.0 = Debug|Any CPU
		{9E5AD682-248D-463A-B5D0-43403A89D9A5}.Release|Any CPU.ActiveCfg = Release|Any CPU
		{9E5AD682-248D-463A-B5D0-43403A89D9A5}.Release|Any CPU.Build.0 = Release|Any CPU
		{9E5AD682-248D-463A-B5D0-43403A89D9A5}.Release|x64.ActiveCfg = Release|Any CPU
		{9E5AD682-248D-463A-B5D0-43403A89D9A5}.Release|x64.Build.0 = Release|Any CPU
		{9E5AD682-248D-463A-B5D0-43403A89D9A5}.Release|x86.ActiveCfg = Release|Any CPU
		{9E5AD682-248D-463A-B5D0-43403A89D9A5}.Release|x86.Build.0 = Release|Any CPU
		{8EEA50D1-99B2-4CF5-A01C-6FA19A579DA8}.Debug|Any CPU.ActiveCfg = Debug|Any CPU
		{8EEA50D1-99B2-4CF5-A01C-6FA19A579DA8}.Debug|Any CPU.Build.0 = Debug|Any CPU
		{8EEA50D1-99B2-4CF5-A01C-6FA19A579DA8}.Debug|x64.ActiveCfg = Debug|Any CPU
		{8EEA50D1-99B2-4CF5-A01C-6FA19A579DA8}.Debug|x64.Build.0 = Debug|Any CPU
		{8EEA50D1-99B2-4CF5-A01C-6FA19A579DA8}.Debug|x86.ActiveCfg = Debug|Any CPU
		{8EEA50D1-99B2-4CF5-A01C-6FA19A579DA8}.Debug|x86.Build.0 = Debug|Any CPU
		{8EEA50D1-99B2-4CF5-A01C-6FA19A579DA8}.Release|Any CPU.ActiveCfg = Release|Any CPU
		{8EEA50D1-99B2-4CF5-A01C-6FA19A579DA8}.Release|Any CPU.Build.0 = Release|Any CPU
		{8EEA50D1-99B2-4CF5-A01C-6FA19A579DA8}.Release|x64.ActiveCfg = Release|Any CPU
		{8EEA50D1-99B2-4CF5-A01C-6FA19A579DA8}.Release|x64.Build.0 = Release|Any CPU
		{8EEA50D1-99B2-4CF5-A01C-6FA19A579DA8}.Release|x86.ActiveCfg = Release|Any CPU
		{8EEA50D1-99B2-4CF5-A01C-6FA19A579DA8}.Release|x86.Build.0 = Release|Any CPU
		{EC862B7E-DAFB-49D5-B6CD-B8F5634F4CC2}.Debug|Any CPU.ActiveCfg = Debug|Any CPU
		{EC862B7E-DAFB-49D5-B6CD-B8F5634F4CC2}.Debug|Any CPU.Build.0 = Debug|Any CPU
		{EC862B7E-DAFB-49D5-B6CD-B8F5634F4CC2}.Debug|x64.ActiveCfg = Debug|Any CPU
		{EC862B7E-DAFB-49D5-B6CD-B8F5634F4CC2}.Debug|x64.Build.0 = Debug|Any CPU
		{EC862B7E-DAFB-49D5-B6CD-B8F5634F4CC2}.Debug|x86.ActiveCfg = Debug|Any CPU
		{EC862B7E-DAFB-49D5-B6CD-B8F5634F4CC2}.Debug|x86.Build.0 = Debug|Any CPU
		{EC862B7E-DAFB-49D5-B6CD-B8F5634F4CC2}.Release|Any CPU.ActiveCfg = Release|Any CPU
		{EC862B7E-DAFB-49D5-B6CD-B8F5634F4CC2}.Release|Any CPU.Build.0 = Release|Any CPU
		{EC862B7E-DAFB-49D5-B6CD-B8F5634F4CC2}.Release|x64.ActiveCfg = Release|Any CPU
		{EC862B7E-DAFB-49D5-B6CD-B8F5634F4CC2}.Release|x64.Build.0 = Release|Any CPU
		{EC862B7E-DAFB-49D5-B6CD-B8F5634F4CC2}.Release|x86.ActiveCfg = Release|Any CPU
		{EC862B7E-DAFB-49D5-B6CD-B8F5634F4CC2}.Release|x86.Build.0 = Release|Any CPU
		{D1D3D1A0-3BE1-4D48-9B35-041B5FC979D8}.Debug|Any CPU.ActiveCfg = Debug|Any CPU
		{D1D3D1A0-3BE1-4D48-9B35-041B5FC979D8}.Debug|Any CPU.Build.0 = Debug|Any CPU
		{D1D3D1A0-3BE1-4D48-9B35-041B5FC979D8}.Debug|x64.ActiveCfg = Debug|Any CPU
		{D1D3D1A0-3BE1-4D48-9B35-041B5FC979D8}.Debug|x64.Build.0 = Debug|Any CPU
		{D1D3D1A0-3BE1-4D48-9B35-041B5FC979D8}.Debug|x86.ActiveCfg = Debug|Any CPU
		{D1D3D1A0-3BE1-4D48-9B35-041B5FC979D8}.Debug|x86.Build.0 = Debug|Any CPU
		{D1D3D1A0-3BE1-4D48-9B35-041B5FC979D8}.Release|Any CPU.ActiveCfg = Release|Any CPU
		{D1D3D1A0-3BE1-4D48-9B35-041B5FC979D8}.Release|Any CPU.Build.0 = Release|Any CPU
		{D1D3D1A0-3BE1-4D48-9B35-041B5FC979D8}.Release|x64.ActiveCfg = Release|Any CPU
		{D1D3D1A0-3BE1-4D48-9B35-041B5FC979D8}.Release|x64.Build.0 = Release|Any CPU
		{D1D3D1A0-3BE1-4D48-9B35-041B5FC979D8}.Release|x86.ActiveCfg = Release|Any CPU
		{D1D3D1A0-3BE1-4D48-9B35-041B5FC979D8}.Release|x86.Build.0 = Release|Any CPU
	EndGlobalSection
	GlobalSection(SolutionProperties) = preSolution
		HideSolutionNode = FALSE
	EndGlobalSection
	GlobalSection(NestedProjects) = preSolution
		{8EEA50D1-99B2-4CF5-A01C-6FA19A579DA8} = {B00E4E71-22B0-3599-F394-DBF7D1072939}
		{EC862B7E-DAFB-49D5-B6CD-B8F5634F4CC2} = {B00E4E71-22B0-3599-F394-DBF7D1072939}
	EndGlobalSection
EndGlobal
